// !$*UTF8*$!
{
	archiveVersion = 1;
	classes = {
	};
	objectVersion = 56;
	objects = {

/* Begin PBXBuildFile section */
		AD84B6352C31816000BF056E /* DrawPlayView.swift in Sources */ = {isa = PBXBuildFile; fileRef = AD84B6342C31816000BF056E /* DrawPlayView.swift */; };
		AD84B6372C3181AF00BF056E /* DrawPlayViewModel.swift in Sources */ = {isa = PBXBuildFile; fileRef = AD84B6362C3181AF00BF056E /* DrawPlayViewModel.swift */; };
		AD84B63A2C318B4C00BF056E /* MainCoordinator.swift in Sources */ = {isa = PBXBuildFile; fileRef = AD84B6392C318B4C00BF056E /* MainCoordinator.swift */; };
		AD84B63C2C319ADE00BF056E /* MainCoordinatorView.swift in Sources */ = {isa = PBXBuildFile; fileRef = AD84B63B2C319ADE00BF056E /* MainCoordinatorView.swift */; };
		AD84B63E2C31AD4A00BF056E /* PlayedDrawModel.swift in Sources */ = {isa = PBXBuildFile; fileRef = AD84B63D2C31AD4A00BF056E /* PlayedDrawModel.swift */; };
		AD84B6402C31AEFF00BF056E /* NumberModel.swift in Sources */ = {isa = PBXBuildFile; fileRef = AD84B63F2C31AEFF00BF056E /* NumberModel.swift */; };
		AD84B6422C31CFFF00BF056E /* PlayerDrawNetworkModel.swift in Sources */ = {isa = PBXBuildFile; fileRef = AD84B6412C31CFFF00BF056E /* PlayerDrawNetworkModel.swift */; };
		AD84B6442C31D40900BF056E /* Odd.swift in Sources */ = {isa = PBXBuildFile; fileRef = AD84B6432C31D40900BF056E /* Odd.swift */; };
		AD84B6482C31D45E00BF056E /* NumbersRow.swift in Sources */ = {isa = PBXBuildFile; fileRef = AD84B6472C31D45E00BF056E /* NumbersRow.swift */; };
		AD84B64A2C31EA0700BF056E /* PlayHolderView.swift in Sources */ = {isa = PBXBuildFile; fileRef = AD84B6492C31EA0700BF056E /* PlayHolderView.swift */; };
		AD84B64D2C31F06900BF056E /* PlayState.swift in Sources */ = {isa = PBXBuildFile; fileRef = AD84B64C2C31F06900BF056E /* PlayState.swift */; };
		AD84B64F2C31F08600BF056E /* PlayHolderViewViewModel.swift in Sources */ = {isa = PBXBuildFile; fileRef = AD84B64E2C31F08600BF056E /* PlayHolderViewViewModel.swift */; };
		AD84B6512C31F5DB00BF056E /* WebView.swift in Sources */ = {isa = PBXBuildFile; fileRef = AD84B6502C31F5DB00BF056E /* WebView.swift */; };
		AD84B6532C31F5FE00BF056E /* DrawLive.swift in Sources */ = {isa = PBXBuildFile; fileRef = AD84B6522C31F5FE00BF056E /* DrawLive.swift */; };
		AD84B6552C31FCDC00BF056E /* DrawResultsView.swift in Sources */ = {isa = PBXBuildFile; fileRef = AD84B6542C31FCDC00BF056E /* DrawResultsView.swift */; };
		AD84B6572C31FD2300BF056E /* DrawResultsViewViewModel.swift in Sources */ = {isa = PBXBuildFile; fileRef = AD84B6562C31FD2300BF056E /* DrawResultsViewViewModel.swift */; };
		AD84B6592C32208800BF056E /* NetworkError.swift in Sources */ = {isa = PBXBuildFile; fileRef = AD84B6582C32208800BF056E /* NetworkError.swift */; };
		AD84B65B2C3220A400BF056E /* NetworkManagerProtocol.swift in Sources */ = {isa = PBXBuildFile; fileRef = AD84B65A2C3220A400BF056E /* NetworkManagerProtocol.swift */; };
		AD84B65E2C32210E00BF056E /* Sheet.swift in Sources */ = {isa = PBXBuildFile; fileRef = AD84B65D2C32210E00BF056E /* Sheet.swift */; };
		AD84B6602C32212400BF056E /* FullScreenCover.swift in Sources */ = {isa = PBXBuildFile; fileRef = AD84B65F2C32212400BF056E /* FullScreenCover.swift */; };
		AD84B6622C32213C00BF056E /* Screen.swift in Sources */ = {isa = PBXBuildFile; fileRef = AD84B6612C32213C00BF056E /* Screen.swift */; };
		AD9C7D9F2C2EE3C3000A5A0E /* GreekKinoApp.swift in Sources */ = {isa = PBXBuildFile; fileRef = AD9C7D9E2C2EE3C3000A5A0E /* GreekKinoApp.swift */; };
		AD9C7DA32C2EE3C4000A5A0E /* Assets.xcassets in Resources */ = {isa = PBXBuildFile; fileRef = AD9C7DA22C2EE3C4000A5A0E /* Assets.xcassets */; };
		AD9C7DA62C2EE3C4000A5A0E /* Preview Assets.xcassets in Resources */ = {isa = PBXBuildFile; fileRef = AD9C7DA52C2EE3C4000A5A0E /* Preview Assets.xcassets */; };
		AD9C7DB02C2EE3C5000A5A0E /* GreekKinoTests.swift in Sources */ = {isa = PBXBuildFile; fileRef = AD9C7DAF2C2EE3C5000A5A0E /* GreekKinoTests.swift */; };
		AD9C7DBA2C2EE3C5000A5A0E /* GreekKinoUITests.swift in Sources */ = {isa = PBXBuildFile; fileRef = AD9C7DB92C2EE3C5000A5A0E /* GreekKinoUITests.swift */; };
		AD9C7DBC2C2EE3C5000A5A0E /* GreekKinoUITestsLaunchTests.swift in Sources */ = {isa = PBXBuildFile; fileRef = AD9C7DBB2C2EE3C5000A5A0E /* GreekKinoUITestsLaunchTests.swift */; };
		AD9C7DCC2C2EE61C000A5A0E /* DrawModelNetwork.swift in Sources */ = {isa = PBXBuildFile; fileRef = AD9C7DCB2C2EE61C000A5A0E /* DrawModelNetwork.swift */; };
		AD9C7DCF2C2EE70D000A5A0E /* NetworkManager.swift in Sources */ = {isa = PBXBuildFile; fileRef = AD9C7DCE2C2EE70D000A5A0E /* NetworkManager.swift */; };
		AD9C7DD52C2EEB11000A5A0E /* Configuration.swift in Sources */ = {isa = PBXBuildFile; fileRef = AD9C7DD42C2EEB11000A5A0E /* Configuration.swift */; };
		AD9C7DD72C2EEB3E000A5A0E /* APIEndPoints.swift in Sources */ = {isa = PBXBuildFile; fileRef = AD9C7DD62C2EEB3D000A5A0E /* APIEndPoints.swift */; };
		AD9C7DD92C2EF18C000A5A0E /* DrawScheduleView.swift in Sources */ = {isa = PBXBuildFile; fileRef = AD9C7DD82C2EF18C000A5A0E /* DrawScheduleView.swift */; };
		ADDF54AC2C2F4D7100F5FA8D /* RequestCreator.swift in Sources */ = {isa = PBXBuildFile; fileRef = ADDF54AB2C2F4D7100F5FA8D /* RequestCreator.swift */; };
		ADDF54AE2C2F4DB400F5FA8D /* DrawScheduleViewModel.swift in Sources */ = {isa = PBXBuildFile; fileRef = ADDF54AD2C2F4DB400F5FA8D /* DrawScheduleViewModel.swift */; };
		ADDF54B12C2F58A300F5FA8D /* DrawScheduleCell.swift in Sources */ = {isa = PBXBuildFile; fileRef = ADDF54B02C2F58A300F5FA8D /* DrawScheduleCell.swift */; };
		ADDF54B32C2F5E0E00F5FA8D /* DrawModel.swift in Sources */ = {isa = PBXBuildFile; fileRef = ADDF54B22C2F5E0E00F5FA8D /* DrawModel.swift */; };
		ADDF54B62C2F5E9000F5FA8D /* ModelAdapter.swift in Sources */ = {isa = PBXBuildFile; fileRef = ADDF54B52C2F5E9000F5FA8D /* ModelAdapter.swift */; };
/* End PBXBuildFile section */

/* Begin PBXContainerItemProxy section */
		AD9C7DAC2C2EE3C5000A5A0E /* PBXContainerItemProxy */ = {
			isa = PBXContainerItemProxy;
			containerPortal = AD9C7D932C2EE3C2000A5A0E /* Project object */;
			proxyType = 1;
			remoteGlobalIDString = AD9C7D9A2C2EE3C3000A5A0E;
			remoteInfo = GreekKino;
		};
		AD9C7DB62C2EE3C5000A5A0E /* PBXContainerItemProxy */ = {
			isa = PBXContainerItemProxy;
			containerPortal = AD9C7D932C2EE3C2000A5A0E /* Project object */;
			proxyType = 1;
			remoteGlobalIDString = AD9C7D9A2C2EE3C3000A5A0E;
			remoteInfo = GreekKino;
		};
/* End PBXContainerItemProxy section */

/* Begin PBXFileReference section */
		AD84B6342C31816000BF056E /* DrawPlayView.swift */ = {isa = PBXFileReference; lastKnownFileType = sourcecode.swift; path = DrawPlayView.swift; sourceTree = "<group>"; };
		AD84B6362C3181AF00BF056E /* DrawPlayViewModel.swift */ = {isa = PBXFileReference; lastKnownFileType = sourcecode.swift; path = DrawPlayViewModel.swift; sourceTree = "<group>"; };
		AD84B6392C318B4C00BF056E /* MainCoordinator.swift */ = {isa = PBXFileReference; lastKnownFileType = sourcecode.swift; path = MainCoordinator.swift; sourceTree = "<group>"; };
		AD84B63B2C319ADE00BF056E /* MainCoordinatorView.swift */ = {isa = PBXFileReference; lastKnownFileType = sourcecode.swift; path = MainCoordinatorView.swift; sourceTree = "<group>"; };
		AD84B63D2C31AD4A00BF056E /* PlayedDrawModel.swift */ = {isa = PBXFileReference; lastKnownFileType = sourcecode.swift; path = PlayedDrawModel.swift; sourceTree = "<group>"; };
		AD84B63F2C31AEFF00BF056E /* NumberModel.swift */ = {isa = PBXFileReference; lastKnownFileType = sourcecode.swift; path = NumberModel.swift; sourceTree = "<group>"; };
		AD84B6412C31CFFF00BF056E /* PlayerDrawNetworkModel.swift */ = {isa = PBXFileReference; lastKnownFileType = sourcecode.swift; path = PlayerDrawNetworkModel.swift; sourceTree = "<group>"; };
		AD84B6432C31D40900BF056E /* Odd.swift */ = {isa = PBXFileReference; lastKnownFileType = sourcecode.swift; path = Odd.swift; sourceTree = "<group>"; };
		AD84B6472C31D45E00BF056E /* NumbersRow.swift */ = {isa = PBXFileReference; lastKnownFileType = sourcecode.swift; path = NumbersRow.swift; sourceTree = "<group>"; };
		AD84B6492C31EA0700BF056E /* PlayHolderView.swift */ = {isa = PBXFileReference; lastKnownFileType = sourcecode.swift; path = PlayHolderView.swift; sourceTree = "<group>"; };
		AD84B64C2C31F06900BF056E /* PlayState.swift */ = {isa = PBXFileReference; lastKnownFileType = sourcecode.swift; path = PlayState.swift; sourceTree = "<group>"; };
		AD84B64E2C31F08600BF056E /* PlayHolderViewViewModel.swift */ = {isa = PBXFileReference; lastKnownFileType = sourcecode.swift; path = PlayHolderViewViewModel.swift; sourceTree = "<group>"; };
		AD84B6502C31F5DB00BF056E /* WebView.swift */ = {isa = PBXFileReference; lastKnownFileType = sourcecode.swift; path = WebView.swift; sourceTree = "<group>"; };
		AD84B6522C31F5FE00BF056E /* DrawLive.swift */ = {isa = PBXFileReference; lastKnownFileType = sourcecode.swift; path = DrawLive.swift; sourceTree = "<group>"; };
		AD84B6542C31FCDC00BF056E /* DrawResultsView.swift */ = {isa = PBXFileReference; lastKnownFileType = sourcecode.swift; path = DrawResultsView.swift; sourceTree = "<group>"; };
		AD84B6562C31FD2300BF056E /* DrawResultsViewViewModel.swift */ = {isa = PBXFileReference; lastKnownFileType = sourcecode.swift; path = DrawResultsViewViewModel.swift; sourceTree = "<group>"; };
		AD84B6582C32208800BF056E /* NetworkError.swift */ = {isa = PBXFileReference; lastKnownFileType = sourcecode.swift; path = NetworkError.swift; sourceTree = "<group>"; };
		AD84B65A2C3220A400BF056E /* NetworkManagerProtocol.swift */ = {isa = PBXFileReference; lastKnownFileType = sourcecode.swift; path = NetworkManagerProtocol.swift; sourceTree = "<group>"; };
		AD84B65D2C32210E00BF056E /* Sheet.swift */ = {isa = PBXFileReference; lastKnownFileType = sourcecode.swift; path = Sheet.swift; sourceTree = "<group>"; };
		AD84B65F2C32212400BF056E /* FullScreenCover.swift */ = {isa = PBXFileReference; lastKnownFileType = sourcecode.swift; path = FullScreenCover.swift; sourceTree = "<group>"; };
		AD84B6612C32213C00BF056E /* Screen.swift */ = {isa = PBXFileReference; lastKnownFileType = sourcecode.swift; path = Screen.swift; sourceTree = "<group>"; };
		AD9C7D9B2C2EE3C3000A5A0E /* GreekKino.app */ = {isa = PBXFileReference; explicitFileType = wrapper.application; includeInIndex = 0; path = GreekKino.app; sourceTree = BUILT_PRODUCTS_DIR; };
		AD9C7D9E2C2EE3C3000A5A0E /* GreekKinoApp.swift */ = {isa = PBXFileReference; lastKnownFileType = sourcecode.swift; path = GreekKinoApp.swift; sourceTree = "<group>"; };
		AD9C7DA22C2EE3C4000A5A0E /* Assets.xcassets */ = {isa = PBXFileReference; lastKnownFileType = folder.assetcatalog; path = Assets.xcassets; sourceTree = "<group>"; };
		AD9C7DA52C2EE3C4000A5A0E /* Preview Assets.xcassets */ = {isa = PBXFileReference; lastKnownFileType = folder.assetcatalog; path = "Preview Assets.xcassets"; sourceTree = "<group>"; };
		AD9C7DAB2C2EE3C5000A5A0E /* GreekKinoTests.xctest */ = {isa = PBXFileReference; explicitFileType = wrapper.cfbundle; includeInIndex = 0; path = GreekKinoTests.xctest; sourceTree = BUILT_PRODUCTS_DIR; };
		AD9C7DAF2C2EE3C5000A5A0E /* GreekKinoTests.swift */ = {isa = PBXFileReference; lastKnownFileType = sourcecode.swift; path = GreekKinoTests.swift; sourceTree = "<group>"; };
		AD9C7DB52C2EE3C5000A5A0E /* GreekKinoUITests.xctest */ = {isa = PBXFileReference; explicitFileType = wrapper.cfbundle; includeInIndex = 0; path = GreekKinoUITests.xctest; sourceTree = BUILT_PRODUCTS_DIR; };
		AD9C7DB92C2EE3C5000A5A0E /* GreekKinoUITests.swift */ = {isa = PBXFileReference; lastKnownFileType = sourcecode.swift; path = GreekKinoUITests.swift; sourceTree = "<group>"; };
		AD9C7DBB2C2EE3C5000A5A0E /* GreekKinoUITestsLaunchTests.swift */ = {isa = PBXFileReference; lastKnownFileType = sourcecode.swift; path = GreekKinoUITestsLaunchTests.swift; sourceTree = "<group>"; };
		AD9C7DCB2C2EE61C000A5A0E /* DrawModelNetwork.swift */ = {isa = PBXFileReference; lastKnownFileType = sourcecode.swift; path = DrawModelNetwork.swift; sourceTree = "<group>"; };
		AD9C7DCE2C2EE70D000A5A0E /* NetworkManager.swift */ = {isa = PBXFileReference; lastKnownFileType = sourcecode.swift; path = NetworkManager.swift; sourceTree = "<group>"; };
		AD9C7DD02C2EE91B000A5A0E /* DevConfig.xcconfig */ = {isa = PBXFileReference; lastKnownFileType = text.xcconfig; path = DevConfig.xcconfig; sourceTree = "<group>"; };
		AD9C7DD12C2EE9FA000A5A0E /* ProdConfig.xcconfig */ = {isa = PBXFileReference; lastKnownFileType = text.xcconfig; path = ProdConfig.xcconfig; sourceTree = "<group>"; };
		AD9C7DD22C2EEA51000A5A0E /* Info.plist */ = {isa = PBXFileReference; lastKnownFileType = text.plist; path = Info.plist; sourceTree = "<group>"; };
		AD9C7DD42C2EEB11000A5A0E /* Configuration.swift */ = {isa = PBXFileReference; lastKnownFileType = sourcecode.swift; path = Configuration.swift; sourceTree = "<group>"; };
		AD9C7DD62C2EEB3D000A5A0E /* APIEndPoints.swift */ = {isa = PBXFileReference; lastKnownFileType = sourcecode.swift; path = APIEndPoints.swift; sourceTree = "<group>"; };
		AD9C7DD82C2EF18C000A5A0E /* DrawScheduleView.swift */ = {isa = PBXFileReference; lastKnownFileType = sourcecode.swift; path = DrawScheduleView.swift; sourceTree = "<group>"; };
		ADDF54AB2C2F4D7100F5FA8D /* RequestCreator.swift */ = {isa = PBXFileReference; lastKnownFileType = sourcecode.swift; path = RequestCreator.swift; sourceTree = "<group>"; };
		ADDF54AD2C2F4DB400F5FA8D /* DrawScheduleViewModel.swift */ = {isa = PBXFileReference; lastKnownFileType = sourcecode.swift; path = DrawScheduleViewModel.swift; sourceTree = "<group>"; };
		ADDF54B02C2F58A300F5FA8D /* DrawScheduleCell.swift */ = {isa = PBXFileReference; lastKnownFileType = sourcecode.swift; path = DrawScheduleCell.swift; sourceTree = "<group>"; };
		ADDF54B22C2F5E0E00F5FA8D /* DrawModel.swift */ = {isa = PBXFileReference; lastKnownFileType = sourcecode.swift; path = DrawModel.swift; sourceTree = "<group>"; };
		ADDF54B52C2F5E9000F5FA8D /* ModelAdapter.swift */ = {isa = PBXFileReference; lastKnownFileType = sourcecode.swift; path = ModelAdapter.swift; sourceTree = "<group>"; };
/* End PBXFileReference section */

/* Begin PBXFrameworksBuildPhase section */
		AD9C7D982C2EE3C3000A5A0E /* Frameworks */ = {
			isa = PBXFrameworksBuildPhase;
			buildActionMask = 2147483647;
			files = (
			);
			runOnlyForDeploymentPostprocessing = 0;
		};
		AD9C7DA82C2EE3C5000A5A0E /* Frameworks */ = {
			isa = PBXFrameworksBuildPhase;
			buildActionMask = 2147483647;
			files = (
			);
			runOnlyForDeploymentPostprocessing = 0;
		};
		AD9C7DB22C2EE3C5000A5A0E /* Frameworks */ = {
			isa = PBXFrameworksBuildPhase;
			buildActionMask = 2147483647;
			files = (
			);
			runOnlyForDeploymentPostprocessing = 0;
		};
/* End PBXFrameworksBuildPhase section */

/* Begin PBXGroup section */
		AD84B6382C318B3800BF056E /* Coordinator */ = {
			isa = PBXGroup;
			children = (
				AD84B6392C318B4C00BF056E /* MainCoordinator.swift */,
			);
			path = Coordinator;
			sourceTree = "<group>";
		};
		AD84B64B2C31F05A00BF056E /* Enums */ = {
			isa = PBXGroup;
			children = (
				AD84B65C2C3220F500BF056E /* CoordinatorEnums */,
				AD84B64C2C31F06900BF056E /* PlayState.swift */,
				AD84B6582C32208800BF056E /* NetworkError.swift */,
			);
			path = Enums;
			sourceTree = "<group>";
		};
		AD84B65C2C3220F500BF056E /* CoordinatorEnums */ = {
			isa = PBXGroup;
			children = (
				AD84B65D2C32210E00BF056E /* Sheet.swift */,
				AD84B65F2C32212400BF056E /* FullScreenCover.swift */,
				AD84B6612C32213C00BF056E /* Screen.swift */,
			);
			path = CoordinatorEnums;
			sourceTree = "<group>";
		};
		AD9C7D922C2EE3C2000A5A0E = {
			isa = PBXGroup;
			children = (
				AD9C7D9D2C2EE3C3000A5A0E /* GreekKino */,
				AD9C7DAE2C2EE3C5000A5A0E /* GreekKinoTests */,
				AD9C7DB82C2EE3C5000A5A0E /* GreekKinoUITests */,
				AD9C7D9C2C2EE3C3000A5A0E /* Products */,
			);
			sourceTree = "<group>";
		};
		AD9C7D9C2C2EE3C3000A5A0E /* Products */ = {
			isa = PBXGroup;
			children = (
				AD9C7D9B2C2EE3C3000A5A0E /* GreekKino.app */,
				AD9C7DAB2C2EE3C5000A5A0E /* GreekKinoTests.xctest */,
				AD9C7DB52C2EE3C5000A5A0E /* GreekKinoUITests.xctest */,
			);
			name = Products;
			sourceTree = "<group>";
		};
		AD9C7D9D2C2EE3C3000A5A0E /* GreekKino */ = {
			isa = PBXGroup;
			children = (
				AD84B64B2C31F05A00BF056E /* Enums */,
				AD84B6382C318B3800BF056E /* Coordinator */,
				ADDF54B42C2F5E7700F5FA8D /* Adapter */,
				AD9C7DD32C2EEB02000A5A0E /* Utils */,
				AD9C7DD22C2EEA51000A5A0E /* Info.plist */,
				AD9C7DCD2C2EE6FE000A5A0E /* Network */,
				AD9C7DCA2C2EE544000A5A0E /* Model */,
				AD9C7DC92C2EE3F6000A5A0E /* ViewModel */,
				AD9C7DC82C2EE3E8000A5A0E /* View */,
				AD9C7D9E2C2EE3C3000A5A0E /* GreekKinoApp.swift */,
				AD9C7DA22C2EE3C4000A5A0E /* Assets.xcassets */,
				AD9C7DA42C2EE3C4000A5A0E /* Preview Content */,
				AD9C7DD02C2EE91B000A5A0E /* DevConfig.xcconfig */,
				AD9C7DD12C2EE9FA000A5A0E /* ProdConfig.xcconfig */,
			);
			path = GreekKino;
			sourceTree = "<group>";
		};
		AD9C7DA42C2EE3C4000A5A0E /* Preview Content */ = {
			isa = PBXGroup;
			children = (
				AD9C7DA52C2EE3C4000A5A0E /* Preview Assets.xcassets */,
			);
			path = "Preview Content";
			sourceTree = "<group>";
		};
		AD9C7DAE2C2EE3C5000A5A0E /* GreekKinoTests */ = {
			isa = PBXGroup;
			children = (
				AD9C7DAF2C2EE3C5000A5A0E /* GreekKinoTests.swift */,
			);
			path = GreekKinoTests;
			sourceTree = "<group>";
		};
		AD9C7DB82C2EE3C5000A5A0E /* GreekKinoUITests */ = {
			isa = PBXGroup;
			children = (
				AD9C7DB92C2EE3C5000A5A0E /* GreekKinoUITests.swift */,
				AD9C7DBB2C2EE3C5000A5A0E /* GreekKinoUITestsLaunchTests.swift */,
			);
			path = GreekKinoUITests;
			sourceTree = "<group>";
		};
		AD9C7DC82C2EE3E8000A5A0E /* View */ = {
			isa = PBXGroup;
			children = (
				ADDF54AF2C2F588F00F5FA8D /* Cells */,
				AD9C7DD82C2EF18C000A5A0E /* DrawScheduleView.swift */,
				AD84B6342C31816000BF056E /* DrawPlayView.swift */,
				AD84B63B2C319ADE00BF056E /* MainCoordinatorView.swift */,
				AD84B6492C31EA0700BF056E /* PlayHolderView.swift */,
				AD84B6502C31F5DB00BF056E /* WebView.swift */,
				AD84B6522C31F5FE00BF056E /* DrawLive.swift */,
				AD84B6542C31FCDC00BF056E /* DrawResultsView.swift */,
			);
			path = View;
			sourceTree = "<group>";
		};
		AD9C7DC92C2EE3F6000A5A0E /* ViewModel */ = {
			isa = PBXGroup;
			children = (
				ADDF54AD2C2F4DB400F5FA8D /* DrawScheduleViewModel.swift */,
				AD84B6362C3181AF00BF056E /* DrawPlayViewModel.swift */,
				AD84B64E2C31F08600BF056E /* PlayHolderViewViewModel.swift */,
				AD84B6562C31FD2300BF056E /* DrawResultsViewViewModel.swift */,
			);
			path = ViewModel;
			sourceTree = "<group>";
		};
		AD9C7DCA2C2EE544000A5A0E /* Model */ = {
			isa = PBXGroup;
			children = (
				AD9C7DCB2C2EE61C000A5A0E /* DrawModelNetwork.swift */,
				ADDF54B22C2F5E0E00F5FA8D /* DrawModel.swift */,
				AD84B63D2C31AD4A00BF056E /* PlayedDrawModel.swift */,
				AD84B63F2C31AEFF00BF056E /* NumberModel.swift */,
				AD84B6412C31CFFF00BF056E /* PlayerDrawNetworkModel.swift */,
				AD84B6432C31D40900BF056E /* Odd.swift */,
				AD84B6472C31D45E00BF056E /* NumbersRow.swift */,
			);
			path = Model;
			sourceTree = "<group>";
		};
		AD9C7DCD2C2EE6FE000A5A0E /* Network */ = {
			isa = PBXGroup;
			children = (
				AD9C7DCE2C2EE70D000A5A0E /* NetworkManager.swift */,
				AD9C7DD62C2EEB3D000A5A0E /* APIEndPoints.swift */,
				ADDF54AB2C2F4D7100F5FA8D /* RequestCreator.swift */,
				AD84B65A2C3220A400BF056E /* NetworkManagerProtocol.swift */,
			);
			path = Network;
			sourceTree = "<group>";
		};
		AD9C7DD32C2EEB02000A5A0E /* Utils */ = {
			isa = PBXGroup;
			children = (
				AD9C7DD42C2EEB11000A5A0E /* Configuration.swift */,
			);
			path = Utils;
			sourceTree = "<group>";
		};
		ADDF54AF2C2F588F00F5FA8D /* Cells */ = {
			isa = PBXGroup;
			children = (
				ADDF54B02C2F58A300F5FA8D /* DrawScheduleCell.swift */,
			);
			path = Cells;
			sourceTree = "<group>";
		};
		ADDF54B42C2F5E7700F5FA8D /* Adapter */ = {
			isa = PBXGroup;
			children = (
				ADDF54B52C2F5E9000F5FA8D /* ModelAdapter.swift */,
			);
			path = Adapter;
			sourceTree = "<group>";
		};
/* End PBXGroup section */

/* Begin PBXNativeTarget section */
		AD9C7D9A2C2EE3C3000A5A0E /* GreekKino */ = {
			isa = PBXNativeTarget;
			buildConfigurationList = AD9C7DBF2C2EE3C5000A5A0E /* Build configuration list for PBXNativeTarget "GreekKino" */;
			buildPhases = (
				AD9C7D972C2EE3C3000A5A0E /* Sources */,
				AD9C7D982C2EE3C3000A5A0E /* Frameworks */,
				AD9C7D992C2EE3C3000A5A0E /* Resources */,
			);
			buildRules = (
			);
			dependencies = (
			);
			name = GreekKino;
			productName = GreekKino;
			productReference = AD9C7D9B2C2EE3C3000A5A0E /* GreekKino.app */;
			productType = "com.apple.product-type.application";
		};
		AD9C7DAA2C2EE3C5000A5A0E /* GreekKinoTests */ = {
			isa = PBXNativeTarget;
			buildConfigurationList = AD9C7DC22C2EE3C5000A5A0E /* Build configuration list for PBXNativeTarget "GreekKinoTests" */;
			buildPhases = (
				AD9C7DA72C2EE3C5000A5A0E /* Sources */,
				AD9C7DA82C2EE3C5000A5A0E /* Frameworks */,
				AD9C7DA92C2EE3C5000A5A0E /* Resources */,
			);
			buildRules = (
			);
			dependencies = (
				AD9C7DAD2C2EE3C5000A5A0E /* PBXTargetDependency */,
			);
			name = GreekKinoTests;
			productName = GreekKinoTests;
			productReference = AD9C7DAB2C2EE3C5000A5A0E /* GreekKinoTests.xctest */;
			productType = "com.apple.product-type.bundle.unit-test";
		};
		AD9C7DB42C2EE3C5000A5A0E /* GreekKinoUITests */ = {
			isa = PBXNativeTarget;
			buildConfigurationList = AD9C7DC52C2EE3C5000A5A0E /* Build configuration list for PBXNativeTarget "GreekKinoUITests" */;
			buildPhases = (
				AD9C7DB12C2EE3C5000A5A0E /* Sources */,
				AD9C7DB22C2EE3C5000A5A0E /* Frameworks */,
				AD9C7DB32C2EE3C5000A5A0E /* Resources */,
			);
			buildRules = (
			);
			dependencies = (
				AD9C7DB72C2EE3C5000A5A0E /* PBXTargetDependency */,
			);
			name = GreekKinoUITests;
			productName = GreekKinoUITests;
			productReference = AD9C7DB52C2EE3C5000A5A0E /* GreekKinoUITests.xctest */;
			productType = "com.apple.product-type.bundle.ui-testing";
		};
/* End PBXNativeTarget section */

/* Begin PBXProject section */
		AD9C7D932C2EE3C2000A5A0E /* Project object */ = {
			isa = PBXProject;
			attributes = {
				BuildIndependentTargetsInParallel = 1;
				LastSwiftUpdateCheck = 1530;
				LastUpgradeCheck = 1530;
				TargetAttributes = {
					AD9C7D9A2C2EE3C3000A5A0E = {
						CreatedOnToolsVersion = 15.3;
					};
					AD9C7DAA2C2EE3C5000A5A0E = {
						CreatedOnToolsVersion = 15.3;
						TestTargetID = AD9C7D9A2C2EE3C3000A5A0E;
					};
					AD9C7DB42C2EE3C5000A5A0E = {
						CreatedOnToolsVersion = 15.3;
						TestTargetID = AD9C7D9A2C2EE3C3000A5A0E;
					};
				};
			};
			buildConfigurationList = AD9C7D962C2EE3C2000A5A0E /* Build configuration list for PBXProject "GreekKino" */;
			compatibilityVersion = "Xcode 14.0";
			developmentRegion = en;
			hasScannedForEncodings = 0;
			knownRegions = (
				en,
				Base,
			);
			mainGroup = AD9C7D922C2EE3C2000A5A0E;
			productRefGroup = AD9C7D9C2C2EE3C3000A5A0E /* Products */;
			projectDirPath = "";
			projectRoot = "";
			targets = (
				AD9C7D9A2C2EE3C3000A5A0E /* GreekKino */,
				AD9C7DAA2C2EE3C5000A5A0E /* GreekKinoTests */,
				AD9C7DB42C2EE3C5000A5A0E /* GreekKinoUITests */,
			);
		};
/* End PBXProject section */

/* Begin PBXResourcesBuildPhase section */
		AD9C7D992C2EE3C3000A5A0E /* Resources */ = {
			isa = PBXResourcesBuildPhase;
			buildActionMask = 2147483647;
			files = (
				AD9C7DA62C2EE3C4000A5A0E /* Preview Assets.xcassets in Resources */,
				AD9C7DA32C2EE3C4000A5A0E /* Assets.xcassets in Resources */,
			);
			runOnlyForDeploymentPostprocessing = 0;
		};
		AD9C7DA92C2EE3C5000A5A0E /* Resources */ = {
			isa = PBXResourcesBuildPhase;
			buildActionMask = 2147483647;
			files = (
			);
			runOnlyForDeploymentPostprocessing = 0;
		};
		AD9C7DB32C2EE3C5000A5A0E /* Resources */ = {
			isa = PBXResourcesBuildPhase;
			buildActionMask = 2147483647;
			files = (
			);
			runOnlyForDeploymentPostprocessing = 0;
		};
/* End PBXResourcesBuildPhase section */

/* Begin PBXSourcesBuildPhase section */
		AD9C7D972C2EE3C3000A5A0E /* Sources */ = {
			isa = PBXSourcesBuildPhase;
			buildActionMask = 2147483647;
			files = (
				AD9C7DCF2C2EE70D000A5A0E /* NetworkManager.swift in Sources */,
				AD84B6592C32208800BF056E /* NetworkError.swift in Sources */,
				AD84B63C2C319ADE00BF056E /* MainCoordinatorView.swift in Sources */,
				ADDF54AC2C2F4D7100F5FA8D /* RequestCreator.swift in Sources */,
				AD84B6552C31FCDC00BF056E /* DrawResultsView.swift in Sources */,
				ADDF54B62C2F5E9000F5FA8D /* ModelAdapter.swift in Sources */,
				ADDF54B12C2F58A300F5FA8D /* DrawScheduleCell.swift in Sources */,
				AD84B6622C32213C00BF056E /* Screen.swift in Sources */,
				AD84B6442C31D40900BF056E /* Odd.swift in Sources */,
				AD9C7DD52C2EEB11000A5A0E /* Configuration.swift in Sources */,
				AD9C7DCC2C2EE61C000A5A0E /* DrawModelNetwork.swift in Sources */,
				AD84B65B2C3220A400BF056E /* NetworkManagerProtocol.swift in Sources */,
				AD84B63A2C318B4C00BF056E /* MainCoordinator.swift in Sources */,
				AD84B6512C31F5DB00BF056E /* WebView.swift in Sources */,
				AD84B64A2C31EA0700BF056E /* PlayHolderView.swift in Sources */,
				AD84B63E2C31AD4A00BF056E /* PlayedDrawModel.swift in Sources */,
				AD84B65E2C32210E00BF056E /* Sheet.swift in Sources */,
				ADDF54B32C2F5E0E00F5FA8D /* DrawModel.swift in Sources */,
				AD9C7DD92C2EF18C000A5A0E /* DrawScheduleView.swift in Sources */,
				ADDF54AE2C2F4DB400F5FA8D /* DrawScheduleViewModel.swift in Sources */,
				AD84B6352C31816000BF056E /* DrawPlayView.swift in Sources */,
				AD84B6602C32212400BF056E /* FullScreenCover.swift in Sources */,
				AD84B6402C31AEFF00BF056E /* NumberModel.swift in Sources */,
				AD84B6482C31D45E00BF056E /* NumbersRow.swift in Sources */,
				AD9C7DD72C2EEB3E000A5A0E /* APIEndPoints.swift in Sources */,
				AD84B6422C31CFFF00BF056E /* PlayerDrawNetworkModel.swift in Sources */,
				AD84B6532C31F5FE00BF056E /* DrawLive.swift in Sources */,
				AD84B6572C31FD2300BF056E /* DrawResultsViewViewModel.swift in Sources */,
				AD84B64D2C31F06900BF056E /* PlayState.swift in Sources */,
				AD84B6372C3181AF00BF056E /* DrawPlayViewModel.swift in Sources */,
				AD84B64F2C31F08600BF056E /* PlayHolderViewViewModel.swift in Sources */,
				AD9C7D9F2C2EE3C3000A5A0E /* GreekKinoApp.swift in Sources */,
			);
			runOnlyForDeploymentPostprocessing = 0;
		};
		AD9C7DA72C2EE3C5000A5A0E /* Sources */ = {
			isa = PBXSourcesBuildPhase;
			buildActionMask = 2147483647;
			files = (
				AD9C7DB02C2EE3C5000A5A0E /* GreekKinoTests.swift in Sources */,
			);
			runOnlyForDeploymentPostprocessing = 0;
		};
		AD9C7DB12C2EE3C5000A5A0E /* Sources */ = {
			isa = PBXSourcesBuildPhase;
			buildActionMask = 2147483647;
			files = (
				AD9C7DBC2C2EE3C5000A5A0E /* GreekKinoUITestsLaunchTests.swift in Sources */,
				AD9C7DBA2C2EE3C5000A5A0E /* GreekKinoUITests.swift in Sources */,
			);
			runOnlyForDeploymentPostprocessing = 0;
		};
/* End PBXSourcesBuildPhase section */

/* Begin PBXTargetDependency section */
		AD9C7DAD2C2EE3C5000A5A0E /* PBXTargetDependency */ = {
			isa = PBXTargetDependency;
			target = AD9C7D9A2C2EE3C3000A5A0E /* GreekKino */;
			targetProxy = AD9C7DAC2C2EE3C5000A5A0E /* PBXContainerItemProxy */;
		};
		AD9C7DB72C2EE3C5000A5A0E /* PBXTargetDependency */ = {
			isa = PBXTargetDependency;
			target = AD9C7D9A2C2EE3C3000A5A0E /* GreekKino */;
			targetProxy = AD9C7DB62C2EE3C5000A5A0E /* PBXContainerItemProxy */;
		};
/* End PBXTargetDependency section */

/* Begin XCBuildConfiguration section */
		AD9C7DBD2C2EE3C5000A5A0E /* Debug */ = {
			isa = XCBuildConfiguration;
			baseConfigurationReference = AD9C7DD02C2EE91B000A5A0E /* DevConfig.xcconfig */;
			buildSettings = {
				ALWAYS_SEARCH_USER_PATHS = NO;
				ASSETCATALOG_COMPILER_GENERATE_SWIFT_ASSET_SYMBOL_EXTENSIONS = YES;
				CLANG_ANALYZER_NONNULL = YES;
				CLANG_ANALYZER_NUMBER_OBJECT_CONVERSION = YES_AGGRESSIVE;
				CLANG_CXX_LANGUAGE_STANDARD = "gnu++20";
				CLANG_ENABLE_MODULES = YES;
				CLANG_ENABLE_OBJC_ARC = YES;
				CLANG_ENABLE_OBJC_WEAK = YES;
				CLANG_WARN_BLOCK_CAPTURE_AUTORELEASING = YES;
				CLANG_WARN_BOOL_CONVERSION = YES;
				CLANG_WARN_COMMA = YES;
				CLANG_WARN_CONSTANT_CONVERSION = YES;
				CLANG_WARN_DEPRECATED_OBJC_IMPLEMENTATIONS = YES;
				CLANG_WARN_DIRECT_OBJC_ISA_USAGE = YES_ERROR;
				CLANG_WARN_DOCUMENTATION_COMMENTS = YES;
				CLANG_WARN_EMPTY_BODY = YES;
				CLANG_WARN_ENUM_CONVERSION = YES;
				CLANG_WARN_INFINITE_RECURSION = YES;
				CLANG_WARN_INT_CONVERSION = YES;
				CLANG_WARN_NON_LITERAL_NULL_CONVERSION = YES;
				CLANG_WARN_OBJC_IMPLICIT_RETAIN_SELF = YES;
				CLANG_WARN_OBJC_LITERAL_CONVERSION = YES;
				CLANG_WARN_OBJC_ROOT_CLASS = YES_ERROR;
				CLANG_WARN_QUOTED_INCLUDE_IN_FRAMEWORK_HEADER = YES;
				CLANG_WARN_RANGE_LOOP_ANALYSIS = YES;
				CLANG_WARN_STRICT_PROTOTYPES = YES;
				CLANG_WARN_SUSPICIOUS_MOVE = YES;
				CLANG_WARN_UNGUARDED_AVAILABILITY = YES_AGGRESSIVE;
				CLANG_WARN_UNREACHABLE_CODE = YES;
				CLANG_WARN__DUPLICATE_METHOD_MATCH = YES;
				COPY_PHASE_STRIP = NO;
				DEBUG_INFORMATION_FORMAT = dwarf;
				ENABLE_STRICT_OBJC_MSGSEND = YES;
				ENABLE_TESTABILITY = YES;
				ENABLE_USER_SCRIPT_SANDBOXING = YES;
				GCC_C_LANGUAGE_STANDARD = gnu17;
				GCC_DYNAMIC_NO_PIC = NO;
				GCC_NO_COMMON_BLOCKS = YES;
				GCC_OPTIMIZATION_LEVEL = 0;
				GCC_PREPROCESSOR_DEFINITIONS = (
					"DEBUG=1",
					"$(inherited)",
				);
				GCC_WARN_64_TO_32_BIT_CONVERSION = YES;
				GCC_WARN_ABOUT_RETURN_TYPE = YES_ERROR;
				GCC_WARN_UNDECLARED_SELECTOR = YES;
				GCC_WARN_UNINITIALIZED_AUTOS = YES_AGGRESSIVE;
				GCC_WARN_UNUSED_FUNCTION = YES;
				GCC_WARN_UNUSED_VARIABLE = YES;
				IPHONEOS_DEPLOYMENT_TARGET = 17.4;
				LOCALIZATION_PREFERS_STRING_CATALOGS = YES;
				MTL_ENABLE_DEBUG_INFO = INCLUDE_SOURCE;
				MTL_FAST_MATH = YES;
				ONLY_ACTIVE_ARCH = YES;
				SDKROOT = iphoneos;
				SWIFT_ACTIVE_COMPILATION_CONDITIONS = "DEBUG $(inherited)";
				SWIFT_OPTIMIZATION_LEVEL = "-Onone";
			};
			name = Debug;
		};
		AD9C7DBE2C2EE3C5000A5A0E /* Release */ = {
			isa = XCBuildConfiguration;
			baseConfigurationReference = AD9C7DD12C2EE9FA000A5A0E /* ProdConfig.xcconfig */;
			buildSettings = {
				ALWAYS_SEARCH_USER_PATHS = NO;
				ASSETCATALOG_COMPILER_GENERATE_SWIFT_ASSET_SYMBOL_EXTENSIONS = YES;
				CLANG_ANALYZER_NONNULL = YES;
				CLANG_ANALYZER_NUMBER_OBJECT_CONVERSION = YES_AGGRESSIVE;
				CLANG_CXX_LANGUAGE_STANDARD = "gnu++20";
				CLANG_ENABLE_MODULES = YES;
				CLANG_ENABLE_OBJC_ARC = YES;
				CLANG_ENABLE_OBJC_WEAK = YES;
				CLANG_WARN_BLOCK_CAPTURE_AUTORELEASING = YES;
				CLANG_WARN_BOOL_CONVERSION = YES;
				CLANG_WARN_COMMA = YES;
				CLANG_WARN_CONSTANT_CONVERSION = YES;
				CLANG_WARN_DEPRECATED_OBJC_IMPLEMENTATIONS = YES;
				CLANG_WARN_DIRECT_OBJC_ISA_USAGE = YES_ERROR;
				CLANG_WARN_DOCUMENTATION_COMMENTS = YES;
				CLANG_WARN_EMPTY_BODY = YES;
				CLANG_WARN_ENUM_CONVERSION = YES;
				CLANG_WARN_INFINITE_RECURSION = YES;
				CLANG_WARN_INT_CONVERSION = YES;
				CLANG_WARN_NON_LITERAL_NULL_CONVERSION = YES;
				CLANG_WARN_OBJC_IMPLICIT_RETAIN_SELF = YES;
				CLANG_WARN_OBJC_LITERAL_CONVERSION = YES;
				CLANG_WARN_OBJC_ROOT_CLASS = YES_ERROR;
				CLANG_WARN_QUOTED_INCLUDE_IN_FRAMEWORK_HEADER = YES;
				CLANG_WARN_RANGE_LOOP_ANALYSIS = YES;
				CLANG_WARN_STRICT_PROTOTYPES = YES;
				CLANG_WARN_SUSPICIOUS_MOVE = YES;
				CLANG_WARN_UNGUARDED_AVAILABILITY = YES_AGGRESSIVE;
				CLANG_WARN_UNREACHABLE_CODE = YES;
				CLANG_WARN__DUPLICATE_METHOD_MATCH = YES;
				COPY_PHASE_STRIP = NO;
				DEBUG_INFORMATION_FORMAT = "dwarf-with-dsym";
				ENABLE_NS_ASSERTIONS = NO;
				ENABLE_STRICT_OBJC_MSGSEND = YES;
				ENABLE_USER_SCRIPT_SANDBOXING = YES;
				GCC_C_LANGUAGE_STANDARD = gnu17;
				GCC_NO_COMMON_BLOCKS = YES;
				GCC_WARN_64_TO_32_BIT_CONVERSION = YES;
				GCC_WARN_ABOUT_RETURN_TYPE = YES_ERROR;
				GCC_WARN_UNDECLARED_SELECTOR = YES;
				GCC_WARN_UNINITIALIZED_AUTOS = YES_AGGRESSIVE;
				GCC_WARN_UNUSED_FUNCTION = YES;
				GCC_WARN_UNUSED_VARIABLE = YES;
				IPHONEOS_DEPLOYMENT_TARGET = 17.4;
				LOCALIZATION_PREFERS_STRING_CATALOGS = YES;
				MTL_ENABLE_DEBUG_INFO = NO;
				MTL_FAST_MATH = YES;
				SDKROOT = iphoneos;
				SWIFT_COMPILATION_MODE = wholemodule;
				VALIDATE_PRODUCT = YES;
			};
			name = Release;
		};
		AD9C7DC02C2EE3C5000A5A0E /* Debug */ = {
			isa = XCBuildConfiguration;
			buildSettings = {
				ASSETCATALOG_COMPILER_APPICON_NAME = AppIcon;
				ASSETCATALOG_COMPILER_GLOBAL_ACCENT_COLOR_NAME = AccentColor;
				CODE_SIGN_STYLE = Automatic;
				CURRENT_PROJECT_VERSION = 1;
				DEVELOPMENT_ASSET_PATHS = "\"GreekKino/Preview Content\"";
				DEVELOPMENT_TEAM = XRHBNP5PV5;
				ENABLE_PREVIEWS = YES;
				GENERATE_INFOPLIST_FILE = YES;
				INFOPLIST_FILE = GreekKino/Info.plist;
				INFOPLIST_KEY_UIApplicationSceneManifest_Generation = YES;
				INFOPLIST_KEY_UIApplicationSupportsIndirectInputEvents = YES;
				INFOPLIST_KEY_UILaunchScreen_Generation = YES;
				INFOPLIST_KEY_UISupportedInterfaceOrientations = UIInterfaceOrientationPortrait;
				INFOPLIST_KEY_UISupportedInterfaceOrientations_iPad = "UIInterfaceOrientationLandscapeLeft UIInterfaceOrientationLandscapeRight UIInterfaceOrientationPortrait UIInterfaceOrientationPortraitUpsideDown";
				LD_RUNPATH_SEARCH_PATHS = (
					"$(inherited)",
					"@executable_path/Frameworks",
				);
				MARKETING_VERSION = 1.0;
				PRODUCT_BUNDLE_IDENTIFIER = marko.mutavdzic.GreekKino;
				PRODUCT_NAME = "$(TARGET_NAME)";
				SWIFT_EMIT_LOC_STRINGS = YES;
				SWIFT_VERSION = 5.0;
				TARGETED_DEVICE_FAMILY = "1,2";
			};
			name = Debug;
		};
		AD9C7DC12C2EE3C5000A5A0E /* Release */ = {
			isa = XCBuildConfiguration;
			buildSettings = {
				ASSETCATALOG_COMPILER_APPICON_NAME = AppIcon;
				ASSETCATALOG_COMPILER_GLOBAL_ACCENT_COLOR_NAME = AccentColor;
				CODE_SIGN_STYLE = Automatic;
				CURRENT_PROJECT_VERSION = 1;
				DEVELOPMENT_ASSET_PATHS = "\"GreekKino/Preview Content\"";
				DEVELOPMENT_TEAM = XRHBNP5PV5;
				ENABLE_PREVIEWS = YES;
				GENERATE_INFOPLIST_FILE = YES;
				INFOPLIST_FILE = GreekKino/Info.plist;
				INFOPLIST_KEY_UIApplicationSceneManifest_Generation = YES;
				INFOPLIST_KEY_UIApplicationSupportsIndirectInputEvents = YES;
				INFOPLIST_KEY_UILaunchScreen_Generation = YES;
				INFOPLIST_KEY_UISupportedInterfaceOrientations = UIInterfaceOrientationPortrait;
				INFOPLIST_KEY_UISupportedInterfaceOrientations_iPad = "UIInterfaceOrientationLandscapeLeft UIInterfaceOrientationLandscapeRight UIInterfaceOrientationPortrait UIInterfaceOrientationPortraitUpsideDown";
				LD_RUNPATH_SEARCH_PATHS = (
					"$(inherited)",
					"@executable_path/Frameworks",
				);
				MARKETING_VERSION = 1.0;
				PRODUCT_BUNDLE_IDENTIFIER = marko.mutavdzic.GreekKino;
				PRODUCT_NAME = "$(TARGET_NAME)";
				SWIFT_EMIT_LOC_STRINGS = YES;
				SWIFT_VERSION = 5.0;
				TARGETED_DEVICE_FAMILY = "1,2";
			};
			name = Release;
		};
		AD9C7DC32C2EE3C5000A5A0E /* Debug */ = {
			isa = XCBuildConfiguration;
			buildSettings = {
				ALWAYS_EMBED_SWIFT_STANDARD_LIBRARIES = YES;
				BUNDLE_LOADER = "$(TEST_HOST)";
				CODE_SIGN_STYLE = Automatic;
				CURRENT_PROJECT_VERSION = 1;
				DEVELOPMENT_TEAM = XRHBNP5PV5;
				GENERATE_INFOPLIST_FILE = YES;
				IPHONEOS_DEPLOYMENT_TARGET = 17.4;
				MARKETING_VERSION = 1.0;
				PRODUCT_BUNDLE_IDENTIFIER = marko.mutavdzic.GreekKinoTests;
				PRODUCT_NAME = "$(TARGET_NAME)";
				SWIFT_EMIT_LOC_STRINGS = NO;
				SWIFT_VERSION = 5.0;
				TARGETED_DEVICE_FAMILY = "1,2";
				TEST_HOST = "$(BUILT_PRODUCTS_DIR)/GreekKino.app/$(BUNDLE_EXECUTABLE_FOLDER_PATH)/GreekKino";
			};
			name = Debug;
		};
		AD9C7DC42C2EE3C5000A5A0E /* Release */ = {
			isa = XCBuildConfiguration;
			buildSettings = {
				ALWAYS_EMBED_SWIFT_STANDARD_LIBRARIES = YES;
				BUNDLE_LOADER = "$(TEST_HOST)";
				CODE_SIGN_STYLE = Automatic;
				CURRENT_PROJECT_VERSION = 1;
				DEVELOPMENT_TEAM = XRHBNP5PV5;
				GENERATE_INFOPLIST_FILE = YES;
				IPHONEOS_DEPLOYMENT_TARGET = 17.4;
				MARKETING_VERSION = 1.0;
				PRODUCT_BUNDLE_IDENTIFIER = marko.mutavdzic.GreekKinoTests;
				PRODUCT_NAME = "$(TARGET_NAME)";
				SWIFT_EMIT_LOC_STRINGS = NO;
				SWIFT_VERSION = 5.0;
				TARGETED_DEVICE_FAMILY = "1,2";
				TEST_HOST = "$(BUILT_PRODUCTS_DIR)/GreekKino.app/$(BUNDLE_EXECUTABLE_FOLDER_PATH)/GreekKino";
			};
			name = Release;
		};
		AD9C7DC62C2EE3C5000A5A0E /* Debug */ = {
			isa = XCBuildConfiguration;
			buildSettings = {
				ALWAYS_EMBED_SWIFT_STANDARD_LIBRARIES = YES;
				CODE_SIGN_STYLE = Automatic;
				CURRENT_PROJECT_VERSION = 1;
				DEVELOPMENT_TEAM = XRHBNP5PV5;
				GENERATE_INFOPLIST_FILE = YES;
				MARKETING_VERSION = 1.0;
				PRODUCT_BUNDLE_IDENTIFIER = marko.mutavdzic.GreekKinoUITests;
				PRODUCT_NAME = "$(TARGET_NAME)";
				SWIFT_EMIT_LOC_STRINGS = NO;
				SWIFT_VERSION = 5.0;
				TARGETED_DEVICE_FAMILY = "1,2";
				TEST_TARGET_NAME = GreekKino;
			};
			name = Debug;
		};
		AD9C7DC72C2EE3C5000A5A0E /* Release */ = {
			isa = XCBuildConfiguration;
			buildSettings = {
				ALWAYS_EMBED_SWIFT_STANDARD_LIBRARIES = YES;
				CODE_SIGN_STYLE = Automatic;
				CURRENT_PROJECT_VERSION = 1;
				DEVELOPMENT_TEAM = XRHBNP5PV5;
				GENERATE_INFOPLIST_FILE = YES;
				MARKETING_VERSION = 1.0;
				PRODUCT_BUNDLE_IDENTIFIER = marko.mutavdzic.GreekKinoUITests;
				PRODUCT_NAME = "$(TARGET_NAME)";
				SWIFT_EMIT_LOC_STRINGS = NO;
				SWIFT_VERSION = 5.0;
				TARGETED_DEVICE_FAMILY = "1,2";
				TEST_TARGET_NAME = GreekKino;
			};
			name = Release;
		};
/* End XCBuildConfiguration section */

/* Begin XCConfigurationList section */
		AD9C7D962C2EE3C2000A5A0E /* Build configuration list for PBXProject "GreekKino" */ = {
			isa = XCConfigurationList;
			buildConfigurations = (
				AD9C7DBD2C2EE3C5000A5A0E /* Debug */,
				AD9C7DBE2C2EE3C5000A5A0E /* Release */,
			);
			defaultConfigurationIsVisible = 0;
			defaultConfigurationName = Release;
		};
		AD9C7DBF2C2EE3C5000A5A0E /* Build configuration list for PBXNativeTarget "GreekKino" */ = {
			isa = XCConfigurationList;
			buildConfigurations = (
				AD9C7DC02C2EE3C5000A5A0E /* Debug */,
				AD9C7DC12C2EE3C5000A5A0E /* Release */,
			);
			defaultConfigurationIsVisible = 0;
			defaultConfigurationName = Release;
		};
		AD9C7DC22C2EE3C5000A5A0E /* Build configuration list for PBXNativeTarget "GreekKinoTests" */ = {
			isa = XCConfigurationList;
			buildConfigurations = (
				AD9C7DC32C2EE3C5000A5A0E /* Debug */,
				AD9C7DC42C2EE3C5000A5A0E /* Release */,
			);
			defaultConfigurationIsVisible = 0;
			defaultConfigurationName = Release;
		};
		AD9C7DC52C2EE3C5000A5A0E /* Build configuration list for PBXNativeTarget "GreekKinoUITests" */ = {
			isa = XCConfigurationList;
			buildConfigurations = (
				AD9C7DC62C2EE3C5000A5A0E /* Debug */,
				AD9C7DC72C2EE3C5000A5A0E /* Release */,
			);
			defaultConfigurationIsVisible = 0;
			defaultConfigurationName = Release;
		};
/* End XCConfigurationList section */
	};
	rootObject = AD9C7D932C2EE3C2000A5A0E /* Project object */;
}
